
Microsoft Visual Studio Solution File, Format Version 12.00
# Visual Studio Version 16
VisualStudioVersion = 16.0.30503.244
MinimumVisualStudioVersion = 10.0.40219.1
Project("{FAE04EC0-301F-11D3-BF4B-00C04F79EFBC}") = "Mech_Rough", "Mech_Rough\Mech_Rough.csproj", "{F691BD87-B2C6-4204-B509-27B99DE74D8A}"
EndProject
Global
	GlobalSection(SolutionConfigurationPlatforms) = preSolution
		Debug|Any CPU = Debug|Any CPU
		Release|Any CPU = Release|Any CPU
	EndGlobalSection
	GlobalSection(ProjectConfigurationPlatforms) = postSolution
		{F691BD87-B2C6-4204-B509-27B99DE74D8A}.Debug|Any CPU.ActiveCfg = Debug|Any CPU
		{F691BD87-B2C6-4204-B509-27B99DE74D8A}.Debug|Any CPU.Build.0 = Debug|Any CPU
		{F691BD87-B2C6-4204-B509-27B99DE74D8A}.Release|Any CPU.ActiveCfg = Release|Any CPU
		{F691BD87-B2C6-4204-B509-27B99DE74D8A}.Release|Any CPU.Build.0 = Release|Any CPU
	EndGlobalSection
	GlobalSection(SolutionProperties) = preSolution
		HideSolutionNode = FALSE
	EndGlobalSection
	GlobalSection(ExtensibilityGlobals) = postSolution
		SolutionGuid = {2FE96506-A34F-4769-86DA-83F411BD8EF8}
	EndGlobalSection
EndGlobal
