
Microsoft Visual Studio Solution File, Format Version 12.00
# Visual Studio Version 16
VisualStudioVersion = 16.0.30503.244
MinimumVisualStudioVersion = 10.0.40219.1
Project("{FAE04EC0-301F-11D3-BF4B-00C04F79EFBC}") = "MechClan_1", "MechClan_1\MechClan_1.csproj", "{A47F04B8-DECB-4BC7-A805-A43AF144B6C1}"
EndProject
Global
	GlobalSection(SolutionConfigurationPlatforms) = preSolution
		Debug|Any CPU = Debug|Any CPU
		Release|Any CPU = Release|Any CPU
	EndGlobalSection
	GlobalSection(ProjectConfigurationPlatforms) = postSolution
		{A47F04B8-DECB-4BC7-A805-A43AF144B6C1}.Debug|Any CPU.ActiveCfg = Debug|Any CPU
		{A47F04B8-DECB-4BC7-A805-A43AF144B6C1}.Debug|Any CPU.Build.0 = Debug|Any CPU
		{A47F04B8-DECB-4BC7-A805-A43AF144B6C1}.Release|Any CPU.ActiveCfg = Release|Any CPU
		{A47F04B8-DECB-4BC7-A805-A43AF144B6C1}.Release|Any CPU.Build.0 = Release|Any CPU
	EndGlobalSection
	GlobalSection(SolutionProperties) = preSolution
		HideSolutionNode = FALSE
	EndGlobalSection
	GlobalSection(ExtensibilityGlobals) = postSolution
		SolutionGuid = {451980EB-445C-45F2-9343-B8BB24A91DD1}
	EndGlobalSection
EndGlobal
